
Microsoft Visual Studio Solution File, Format Version 12.00
# Visual Studio Version 17
VisualStudioVersion = 17.1.32421.90
MinimumVisualStudioVersion = 10.0.40219.1
Project("{FAE04EC0-301F-11D3-BF4B-00C04F79EFBC}") = "DemonstrationApp", "..\DemonstrationApp\DemonstrationApp.csproj", "{D71F5737-0419-4F62-9BEF-81884D560C01}"
EndProject
Project("{FAE04EC0-301F-11D3-BF4B-00C04F79EFBC}") = "QueriesLab4", "..\QueriesLab4\QueriesLab4.csproj", "{68A7C246-9DA6-4B8A-875E-42B9A50ECC8A}"
EndProject
Project("{FAE04EC0-301F-11D3-BF4B-00C04F79EFBC}") = "Control", "..\Control\Control.csproj", "{1F76058A-F279-40DA-B607-27AB828D052D}"
EndProject
Global
	GlobalSection(SolutionConfigurationPlatforms) = preSolution
		Debug|Any CPU = Debug|Any CPU
		Release|Any CPU = Release|Any CPU
	EndGlobalSection
	GlobalSection(ProjectConfigurationPlatforms) = postSolution
		{D71F5737-0419-4F62-9BEF-81884D560C01}.Debug|Any CPU.ActiveCfg = Debug|Any CPU
		{D71F5737-0419-4F62-9BEF-81884D560C01}.Debug|Any CPU.Build.0 = Debug|Any CPU
		{D71F5737-0419-4F62-9BEF-81884D560C01}.Release|Any CPU.ActiveCfg = Release|Any CPU
		{D71F5737-0419-4F62-9BEF-81884D560C01}.Release|Any CPU.Build.0 = Release|Any CPU
		{68A7C246-9DA6-4B8A-875E-42B9A50ECC8A}.Debug|Any CPU.ActiveCfg = Debug|Any CPU
		{68A7C246-9DA6-4B8A-875E-42B9A50ECC8A}.Debug|Any CPU.Build.0 = Debug|Any CPU
		{68A7C246-9DA6-4B8A-875E-42B9A50ECC8A}.Release|Any CPU.ActiveCfg = Release|Any CPU
		{68A7C246-9DA6-4B8A-875E-42B9A50ECC8A}.Release|Any CPU.Build.0 = Release|Any CPU
		{1F76058A-F279-40DA-B607-27AB828D052D}.Debug|Any CPU.ActiveCfg = Debug|Any CPU
		{1F76058A-F279-40DA-B607-27AB828D052D}.Debug|Any CPU.Build.0 = Debug|Any CPU
		{1F76058A-F279-40DA-B607-27AB828D052D}.Release|Any CPU.ActiveCfg = Release|Any CPU
		{1F76058A-F279-40DA-B607-27AB828D052D}.Release|Any CPU.Build.0 = Release|Any CPU
	EndGlobalSection
	GlobalSection(SolutionProperties) = preSolution
		HideSolutionNode = FALSE
	EndGlobalSection
	GlobalSection(ExtensibilityGlobals) = postSolution
		SolutionGuid = {22278561-1508-4A7B-B5CB-C2182961CAD8}
	EndGlobalSection
EndGlobal
